// !$*UTF8*$!
{
	archiveVersion = 1;
	classes = {
	};
	objectVersion = 56;
	objects = {

/* Begin PBXBuildFile section */
		E6E65D112AB00522006A9B7C /* AppDelegate.swift in Sources */ = {isa = PBXBuildFile; fileRef = E6E65D102AB00522006A9B7C /* AppDelegate.swift */; };
		E6E65D132AB00522006A9B7C /* SceneDelegate.swift in Sources */ = {isa = PBXBuildFile; fileRef = E6E65D122AB00522006A9B7C /* SceneDelegate.swift */; };
		E6E65D152AB00522006A9B7C /* ViewController.swift in Sources */ = {isa = PBXBuildFile; fileRef = E6E65D142AB00522006A9B7C /* ViewController.swift */; };
		E6E65D182AB00522006A9B7C /* Main.storyboard in Resources */ = {isa = PBXBuildFile; fileRef = E6E65D162AB00522006A9B7C /* Main.storyboard */; };
		E6E65D1A2AB00525006A9B7C /* Assets.xcassets in Resources */ = {isa = PBXBuildFile; fileRef = E6E65D192AB00525006A9B7C /* Assets.xcassets */; };
		E6E65D1D2AB00525006A9B7C /* LaunchScreen.storyboard in Resources */ = {isa = PBXBuildFile; fileRef = E6E65D1B2AB00525006A9B7C /* LaunchScreen.storyboard */; };
		E6E65D282AB00526006A9B7C /* Subscription_ManagerTests.swift in Sources */ = {isa = PBXBuildFile; fileRef = E6E65D272AB00526006A9B7C /* Subscription_ManagerTests.swift */; };
		E6E65D322AB00526006A9B7C /* Subscription_ManagerUITests.swift in Sources */ = {isa = PBXBuildFile; fileRef = E6E65D312AB00526006A9B7C /* Subscription_ManagerUITests.swift */; };
		E6E65D342AB00526006A9B7C /* Subscription_ManagerUITestsLaunchTests.swift in Sources */ = {isa = PBXBuildFile; fileRef = E6E65D332AB00526006A9B7C /* Subscription_ManagerUITestsLaunchTests.swift */; };
/* End PBXBuildFile section */

/* Begin PBXContainerItemProxy section */
		E6E65D242AB00526006A9B7C /* PBXContainerItemProxy */ = {
			isa = PBXContainerItemProxy;
			containerPortal = E6E65D052AB00522006A9B7C /* Project object */;
			proxyType = 1;
			remoteGlobalIDString = E6E65D0C2AB00522006A9B7C;
			remoteInfo = "Subscription Manager";
		};
		E6E65D2E2AB00526006A9B7C /* PBXContainerItemProxy */ = {
			isa = PBXContainerItemProxy;
			containerPortal = E6E65D052AB00522006A9B7C /* Project object */;
			proxyType = 1;
			remoteGlobalIDString = E6E65D0C2AB00522006A9B7C;
			remoteInfo = "Subscription Manager";
		};
/* End PBXContainerItemProxy section */

/* Begin PBXFileReference section */
		E6E65D0D2AB00522006A9B7C /* Subscription Manager.app */ = {isa = PBXFileReference; explicitFileType = wrapper.application; includeInIndex = 0; path = "Subscription Manager.app"; sourceTree = BUILT_PRODUCTS_DIR; };
		E6E65D102AB00522006A9B7C /* AppDelegate.swift */ = {isa = PBXFileReference; lastKnownFileType = sourcecode.swift; path = AppDelegate.swift; sourceTree = "<group>"; };
		E6E65D122AB00522006A9B7C /* SceneDelegate.swift */ = {isa = PBXFileReference; lastKnownFileType = sourcecode.swift; path = SceneDelegate.swift; sourceTree = "<group>"; };
		E6E65D142AB00522006A9B7C /* ViewController.swift */ = {isa = PBXFileReference; lastKnownFileType = sourcecode.swift; path = ViewController.swift; sourceTree = "<group>"; };
		E6E65D172AB00522006A9B7C /* Base */ = {isa = PBXFileReference; lastKnownFileType = file.storyboard; name = Base; path = Base.lproj/Main.storyboard; sourceTree = "<group>"; };
		E6E65D192AB00525006A9B7C /* Assets.xcassets */ = {isa = PBXFileReference; lastKnownFileType = folder.assetcatalog; path = Assets.xcassets; sourceTree = "<group>"; };
		E6E65D1C2AB00525006A9B7C /* Base */ = {isa = PBXFileReference; lastKnownFileType = file.storyboard; name = Base; path = Base.lproj/LaunchScreen.storyboard; sourceTree = "<group>"; };
		E6E65D1E2AB00525006A9B7C /* Info.plist */ = {isa = PBXFileReference; lastKnownFileType = text.plist.xml; path = Info.plist; sourceTree = "<group>"; };
		E6E65D232AB00526006A9B7C /* Subscription ManagerTests.xctest */ = {isa = PBXFileReference; explicitFileType = wrapper.cfbundle; includeInIndex = 0; path = "Subscription ManagerTests.xctest"; sourceTree = BUILT_PRODUCTS_DIR; };
		E6E65D272AB00526006A9B7C /* Subscription_ManagerTests.swift */ = {isa = PBXFileReference; lastKnownFileType = sourcecode.swift; path = Subscription_ManagerTests.swift; sourceTree = "<group>"; };
		E6E65D2D2AB00526006A9B7C /* Subscription ManagerUITests.xctest */ = {isa = PBXFileReference; explicitFileType = wrapper.cfbundle; includeInIndex = 0; path = "Subscription ManagerUITests.xctest"; sourceTree = BUILT_PRODUCTS_DIR; };
		E6E65D312AB00526006A9B7C /* Subscription_ManagerUITests.swift */ = {isa = PBXFileReference; lastKnownFileType = sourcecode.swift; path = Subscription_ManagerUITests.swift; sourceTree = "<group>"; };
		E6E65D332AB00526006A9B7C /* Subscription_ManagerUITestsLaunchTests.swift */ = {isa = PBXFileReference; lastKnownFileType = sourcecode.swift; path = Subscription_ManagerUITestsLaunchTests.swift; sourceTree = "<group>"; };
/* End PBXFileReference section */

/* Begin PBXFrameworksBuildPhase section */
		E6E65D0A2AB00522006A9B7C /* Frameworks */ = {
			isa = PBXFrameworksBuildPhase;
			buildActionMask = 2147483647;
			files = (
			);
			runOnlyForDeploymentPostprocessing = 0;
		};
		E6E65D202AB00526006A9B7C /* Frameworks */ = {
			isa = PBXFrameworksBuildPhase;
			buildActionMask = 2147483647;
			files = (
			);
			runOnlyForDeploymentPostprocessing = 0;
		};
		E6E65D2A2AB00526006A9B7C /* Frameworks */ = {
			isa = PBXFrameworksBuildPhase;
			buildActionMask = 2147483647;
			files = (
			);
			runOnlyForDeploymentPostprocessing = 0;
		};
/* End PBXFrameworksBuildPhase section */

/* Begin PBXGroup section */
		E6E65D042AB00522006A9B7C = {
			isa = PBXGroup;
			children = (
				E6E65D0F2AB00522006A9B7C /* Subscription Manager */,
				E6E65D262AB00526006A9B7C /* Subscription ManagerTests */,
				E6E65D302AB00526006A9B7C /* Subscription ManagerUITests */,
				E6E65D0E2AB00522006A9B7C /* Products */,
			);
			sourceTree = "<group>";
		};
		E6E65D0E2AB00522006A9B7C /* Products */ = {
			isa = PBXGroup;
			children = (
				E6E65D0D2AB00522006A9B7C /* Subscription Manager.app */,
				E6E65D232AB00526006A9B7C /* Subscription ManagerTests.xctest */,
				E6E65D2D2AB00526006A9B7C /* Subscription ManagerUITests.xctest */,
			);
			name = Products;
			sourceTree = "<group>";
		};
		E6E65D0F2AB00522006A9B7C /* Subscription Manager */ = {
			isa = PBXGroup;
			children = (
				E6E65D102AB00522006A9B7C /* AppDelegate.swift */,
				E6E65D122AB00522006A9B7C /* SceneDelegate.swift */,
				E6E65D142AB00522006A9B7C /* ViewController.swift */,
				E6E65D162AB00522006A9B7C /* Main.storyboard */,
				E6E65D192AB00525006A9B7C /* Assets.xcassets */,
				E6E65D1B2AB00525006A9B7C /* LaunchScreen.storyboard */,
				E6E65D1E2AB00525006A9B7C /* Info.plist */,
			);
			path = "Subscription Manager";
			sourceTree = "<group>";
		};
		E6E65D262AB00526006A9B7C /* Subscription ManagerTests */ = {
			isa = PBXGroup;
			children = (
				E6E65D272AB00526006A9B7C /* Subscription_ManagerTests.swift */,
			);
			path = "Subscription ManagerTests";
			sourceTree = "<group>";
		};
		E6E65D302AB00526006A9B7C /* Subscription ManagerUITests */ = {
			isa = PBXGroup;
			children = (
				E6E65D312AB00526006A9B7C /* Subscription_ManagerUITests.swift */,
				E6E65D332AB00526006A9B7C /* Subscription_ManagerUITestsLaunchTests.swift */,
			);
			path = "Subscription ManagerUITests";
			sourceTree = "<group>";
		};
/* End PBXGroup section */

/* Begin PBXNativeTarget section */
		E6E65D0C2AB00522006A9B7C /* Subscription Manager */ = {
			isa = PBXNativeTarget;
			buildConfigurationList = E6E65D372AB00526006A9B7C /* Build configuration list for PBXNativeTarget "Subscription Manager" */;
			buildPhases = (
				E6E65D092AB00522006A9B7C /* Sources */,
				E6E65D0A2AB00522006A9B7C /* Frameworks */,
				E6E65D0B2AB00522006A9B7C /* Resources */,
			);
			buildRules = (
			);
			dependencies = (
			);
			name = "Subscription Manager";
			productName = "Subscription Manager";
			productReference = E6E65D0D2AB00522006A9B7C /* Subscription Manager.app */;
			productType = "com.apple.product-type.application";
		};
		E6E65D222AB00526006A9B7C /* Subscription ManagerTests */ = {
			isa = PBXNativeTarget;
			buildConfigurationList = E6E65D3A2AB00526006A9B7C /* Build configuration list for PBXNativeTarget "Subscription ManagerTests" */;
			buildPhases = (
				E6E65D1F2AB00526006A9B7C /* Sources */,
				E6E65D202AB00526006A9B7C /* Frameworks */,
				E6E65D212AB00526006A9B7C /* Resources */,
			);
			buildRules = (
			);
			dependencies = (
				E6E65D252AB00526006A9B7C /* PBXTargetDependency */,
			);
			name = "Subscription ManagerTests";
			productName = "Subscription ManagerTests";
			productReference = E6E65D232AB00526006A9B7C /* Subscription ManagerTests.xctest */;
			productType = "com.apple.product-type.bundle.unit-test";
		};
		E6E65D2C2AB00526006A9B7C /* Subscription ManagerUITests */ = {
			isa = PBXNativeTarget;
			buildConfigurationList = E6E65D3D2AB00526006A9B7C /* Build configuration list for PBXNativeTarget "Subscription ManagerUITests" */;
			buildPhases = (
				E6E65D292AB00526006A9B7C /* Sources */,
				E6E65D2A2AB00526006A9B7C /* Frameworks */,
				E6E65D2B2AB00526006A9B7C /* Resources */,
			);
			buildRules = (
			);
			dependencies = (
				E6E65D2F2AB00526006A9B7C /* PBXTargetDependency */,
			);
			name = "Subscription ManagerUITests";
			productName = "Subscription ManagerUITests";
			productReference = E6E65D2D2AB00526006A9B7C /* Subscription ManagerUITests.xctest */;
			productType = "com.apple.product-type.bundle.ui-testing";
		};
/* End PBXNativeTarget section */

/* Begin PBXProject section */
		E6E65D052AB00522006A9B7C /* Project object */ = {
			isa = PBXProject;
			attributes = {
				BuildIndependentTargetsInParallel = 1;
				LastSwiftUpdateCheck = 1430;
				LastUpgradeCheck = 1430;
				TargetAttributes = {
					E6E65D0C2AB00522006A9B7C = {
						CreatedOnToolsVersion = 14.3.1;
					};
					E6E65D222AB00526006A9B7C = {
						CreatedOnToolsVersion = 14.3.1;
						TestTargetID = E6E65D0C2AB00522006A9B7C;
					};
					E6E65D2C2AB00526006A9B7C = {
						CreatedOnToolsVersion = 14.3.1;
						TestTargetID = E6E65D0C2AB00522006A9B7C;
					};
				};
			};
			buildConfigurationList = E6E65D082AB00522006A9B7C /* Build configuration list for PBXProject "Subscription Manager" */;
			compatibilityVersion = "Xcode 14.0";
			developmentRegion = en;
			hasScannedForEncodings = 0;
			knownRegions = (
				en,
				Base,
			);
			mainGroup = E6E65D042AB00522006A9B7C;
			productRefGroup = E6E65D0E2AB00522006A9B7C /* Products */;
			projectDirPath = "";
			projectRoot = "";
			targets = (
				E6E65D0C2AB00522006A9B7C /* Subscription Manager */,
				E6E65D222AB00526006A9B7C /* Subscription ManagerTests */,
				E6E65D2C2AB00526006A9B7C /* Subscription ManagerUITests */,
			);
		};
/* End PBXProject section */

/* Begin PBXResourcesBuildPhase section */
		E6E65D0B2AB00522006A9B7C /* Resources */ = {
			isa = PBXResourcesBuildPhase;
			buildActionMask = 2147483647;
			files = (
				E6E65D1D2AB00525006A9B7C /* LaunchScreen.storyboard in Resources */,
				E6E65D1A2AB00525006A9B7C /* Assets.xcassets in Resources */,
				E6E65D182AB00522006A9B7C /* Main.storyboard in Resources */,
			);
			runOnlyForDeploymentPostprocessing = 0;
		};
		E6E65D212AB00526006A9B7C /* Resources */ = {
			isa = PBXResourcesBuildPhase;
			buildActionMask = 2147483647;
			files = (
			);
			runOnlyForDeploymentPostprocessing = 0;
		};
		E6E65D2B2AB00526006A9B7C /* Resources */ = {
			isa = PBXResourcesBuildPhase;
			buildActionMask = 2147483647;
			files = (
			);
			runOnlyForDeploymentPostprocessing = 0;
		};
/* End PBXResourcesBuildPhase section */

/* Begin PBXSourcesBuildPhase section */
		E6E65D092AB00522006A9B7C /* Sources */ = {
			isa = PBXSourcesBuildPhase;
			buildActionMask = 2147483647;
			files = (
				E6E65D152AB00522006A9B7C /* ViewController.swift in Sources */,
				E6E65D112AB00522006A9B7C /* AppDelegate.swift in Sources */,
				E6E65D132AB00522006A9B7C /* SceneDelegate.swift in Sources */,
			);
			runOnlyForDeploymentPostprocessing = 0;
		};
		E6E65D1F2AB00526006A9B7C /* Sources */ = {
			isa = PBXSourcesBuildPhase;
			buildActionMask = 2147483647;
			files = (
				E6E65D282AB00526006A9B7C /* Subscription_ManagerTests.swift in Sources */,
			);
			runOnlyForDeploymentPostprocessing = 0;
		};
		E6E65D292AB00526006A9B7C /* Sources */ = {
			isa = PBXSourcesBuildPhase;
			buildActionMask = 2147483647;
			files = (
				E6E65D322AB00526006A9B7C /* Subscription_ManagerUITests.swift in Sources */,
				E6E65D342AB00526006A9B7C /* Subscription_ManagerUITestsLaunchTests.swift in Sources */,
			);
			runOnlyForDeploymentPostprocessing = 0;
		};
/* End PBXSourcesBuildPhase section */

/* Begin PBXTargetDependency section */
		E6E65D252AB00526006A9B7C /* PBXTargetDependency */ = {
			isa = PBXTargetDependency;
			target = E6E65D0C2AB00522006A9B7C /* Subscription Manager */;
			targetProxy = E6E65D242AB00526006A9B7C /* PBXContainerItemProxy */;
		};
		E6E65D2F2AB00526006A9B7C /* PBXTargetDependency */ = {
			isa = PBXTargetDependency;
			target = E6E65D0C2AB00522006A9B7C /* Subscription Manager */;
			targetProxy = E6E65D2E2AB00526006A9B7C /* PBXContainerItemProxy */;
		};
/* End PBXTargetDependency section */

/* Begin PBXVariantGroup section */
		E6E65D162AB00522006A9B7C /* Main.storyboard */ = {
			isa = PBXVariantGroup;
			children = (
				E6E65D172AB00522006A9B7C /* Base */,
			);
			name = Main.storyboard;
			sourceTree = "<group>";
		};
		E6E65D1B2AB00525006A9B7C /* LaunchScreen.storyboard */ = {
			isa = PBXVariantGroup;
			children = (
				E6E65D1C2AB00525006A9B7C /* Base */,
			);
			name = LaunchScreen.storyboard;
			sourceTree = "<group>";
		};
/* End PBXVariantGroup section */

/* Begin XCBuildConfiguration section */
		E6E65D352AB00526006A9B7C /* Debug */ = {
			isa = XCBuildConfiguration;
			buildSettings = {
				ALWAYS_SEARCH_USER_PATHS = NO;
				CLANG_ANALYZER_NONNULL = YES;
				CLANG_ANALYZER_NUMBER_OBJECT_CONVERSION = YES_AGGRESSIVE;
				CLANG_CXX_LANGUAGE_STANDARD = "gnu++20";
				CLANG_ENABLE_MODULES = YES;
				CLANG_ENABLE_OBJC_ARC = YES;
				CLANG_ENABLE_OBJC_WEAK = YES;
				CLANG_WARN_BLOCK_CAPTURE_AUTORELEASING = YES;
				CLANG_WARN_BOOL_CONVERSION = YES;
				CLANG_WARN_COMMA = YES;
				CLANG_WARN_CONSTANT_CONVERSION = YES;
				CLANG_WARN_DEPRECATED_OBJC_IMPLEMENTATIONS = YES;
				CLANG_WARN_DIRECT_OBJC_ISA_USAGE = YES_ERROR;
				CLANG_WARN_DOCUMENTATION_COMMENTS = YES;
				CLANG_WARN_EMPTY_BODY = YES;
				CLANG_WARN_ENUM_CONVERSION = YES;
				CLANG_WARN_INFINITE_RECURSION = YES;
				CLANG_WARN_INT_CONVERSION = YES;
				CLANG_WARN_NON_LITERAL_NULL_CONVERSION = YES;
				CLANG_WARN_OBJC_IMPLICIT_RETAIN_SELF = YES;
				CLANG_WARN_OBJC_LITERAL_CONVERSION = YES;
				CLANG_WARN_OBJC_ROOT_CLASS = YES_ERROR;
				CLANG_WARN_QUOTED_INCLUDE_IN_FRAMEWORK_HEADER = YES;
				CLANG_WARN_RANGE_LOOP_ANALYSIS = YES;
				CLANG_WARN_STRICT_PROTOTYPES = YES;
				CLANG_WARN_SUSPICIOUS_MOVE = YES;
				CLANG_WARN_UNGUARDED_AVAILABILITY = YES_AGGRESSIVE;
				CLANG_WARN_UNREACHABLE_CODE = YES;
				CLANG_WARN__DUPLICATE_METHOD_MATCH = YES;
				COPY_PHASE_STRIP = NO;
				DEBUG_INFORMATION_FORMAT = dwarf;
				ENABLE_STRICT_OBJC_MSGSEND = YES;
				ENABLE_TESTABILITY = YES;
				GCC_C_LANGUAGE_STANDARD = gnu11;
				GCC_DYNAMIC_NO_PIC = NO;
				GCC_NO_COMMON_BLOCKS = YES;
				GCC_OPTIMIZATION_LEVEL = 0;
				GCC_PREPROCESSOR_DEFINITIONS = (
					"DEBUG=1",
					"$(inherited)",
				);
				GCC_WARN_64_TO_32_BIT_CONVERSION = YES;
				GCC_WARN_ABOUT_RETURN_TYPE = YES_ERROR;
				GCC_WARN_UNDECLARED_SELECTOR = YES;
				GCC_WARN_UNINITIALIZED_AUTOS = YES_AGGRESSIVE;
				GCC_WARN_UNUSED_FUNCTION = YES;
				GCC_WARN_UNUSED_VARIABLE = YES;
				IPHONEOS_DEPLOYMENT_TARGET = 16.4;
				MTL_ENABLE_DEBUG_INFO = INCLUDE_SOURCE;
				MTL_FAST_MATH = YES;
				ONLY_ACTIVE_ARCH = YES;
				SDKROOT = iphoneos;
				SWIFT_ACTIVE_COMPILATION_CONDITIONS = DEBUG;
				SWIFT_OPTIMIZATION_LEVEL = "-Onone";
			};
			name = Debug;
		};
		E6E65D362AB00526006A9B7C /* Release */ = {
			isa = XCBuildConfiguration;
			buildSettings = {
				ALWAYS_SEARCH_USER_PATHS = NO;
				CLANG_ANALYZER_NONNULL = YES;
				CLANG_ANALYZER_NUMBER_OBJECT_CONVERSION = YES_AGGRESSIVE;
				CLANG_CXX_LANGUAGE_STANDARD = "gnu++20";
				CLANG_ENABLE_MODULES = YES;
				CLANG_ENABLE_OBJC_ARC = YES;
				CLANG_ENABLE_OBJC_WEAK = YES;
				CLANG_WARN_BLOCK_CAPTURE_AUTORELEASING = YES;
				CLANG_WARN_BOOL_CONVERSION = YES;
				CLANG_WARN_COMMA = YES;
				CLANG_WARN_CONSTANT_CONVERSION = YES;
				CLANG_WARN_DEPRECATED_OBJC_IMPLEMENTATIONS = YES;
				CLANG_WARN_DIRECT_OBJC_ISA_USAGE = YES_ERROR;
				CLANG_WARN_DOCUMENTATION_COMMENTS = YES;
				CLANG_WARN_EMPTY_BODY = YES;
				CLANG_WARN_ENUM_CONVERSION = YES;
				CLANG_WARN_INFINITE_RECURSION = YES;
				CLANG_WARN_INT_CONVERSION = YES;
				CLANG_WARN_NON_LITERAL_NULL_CONVERSION = YES;
				CLANG_WARN_OBJC_IMPLICIT_RETAIN_SELF = YES;
				CLANG_WARN_OBJC_LITERAL_CONVERSION = YES;
				CLANG_WARN_OBJC_ROOT_CLASS = YES_ERROR;
				CLANG_WARN_QUOTED_INCLUDE_IN_FRAMEWORK_HEADER = YES;
				CLANG_WARN_RANGE_LOOP_ANALYSIS = YES;
				CLANG_WARN_STRICT_PROTOTYPES = YES;
				CLANG_WARN_SUSPICIOUS_MOVE = YES;
				CLANG_WARN_UNGUARDED_AVAILABILITY = YES_AGGRESSIVE;
				CLANG_WARN_UNREACHABLE_CODE = YES;
				CLANG_WARN__DUPLICATE_METHOD_MATCH = YES;
				COPY_PHASE_STRIP = NO;
				DEBUG_INFORMATION_FORMAT = "dwarf-with-dsym";
				ENABLE_NS_ASSERTIONS = NO;
				ENABLE_STRICT_OBJC_MSGSEND = YES;
				GCC_C_LANGUAGE_STANDARD = gnu11;
				GCC_NO_COMMON_BLOCKS = YES;
				GCC_WARN_64_TO_32_BIT_CONVERSION = YES;
				GCC_WARN_ABOUT_RETURN_TYPE = YES_ERROR;
				GCC_WARN_UNDECLARED_SELECTOR = YES;
				GCC_WARN_UNINITIALIZED_AUTOS = YES_AGGRESSIVE;
				GCC_WARN_UNUSED_FUNCTION = YES;
				GCC_WARN_UNUSED_VARIABLE = YES;
				IPHONEOS_DEPLOYMENT_TARGET = 16.4;
				MTL_ENABLE_DEBUG_INFO = NO;
				MTL_FAST_MATH = YES;
				SDKROOT = iphoneos;
				SWIFT_COMPILATION_MODE = wholemodule;
				SWIFT_OPTIMIZATION_LEVEL = "-O";
				VALIDATE_PRODUCT = YES;
			};
			name = Release;
		};
		E6E65D382AB00526006A9B7C /* Debug */ = {
			isa = XCBuildConfiguration;
			buildSettings = {
				ASSETCATALOG_COMPILER_APPICON_NAME = AppIcon;
				ASSETCATALOG_COMPILER_GLOBAL_ACCENT_COLOR_NAME = AccentColor;
				CODE_SIGN_STYLE = Automatic;
				CURRENT_PROJECT_VERSION = 1;
				DEVELOPMENT_TEAM = 6WXF2A42NU;
				GENERATE_INFOPLIST_FILE = YES;
				INFOPLIST_FILE = "Subscription Manager/Info.plist";
				INFOPLIST_KEY_CFBundleDisplayName = "Subscription Manager";
				INFOPLIST_KEY_LSApplicationCategoryType = "public.app-category.finance";
				INFOPLIST_KEY_UIApplicationSupportsIndirectInputEvents = YES;
				INFOPLIST_KEY_UILaunchStoryboardName = LaunchScreen.storyboard;
				INFOPLIST_KEY_UIMainStoryboardFile = Main;
				INFOPLIST_KEY_UIStatusBarStyle = "";
				INFOPLIST_KEY_UISupportedInterfaceOrientations = UIInterfaceOrientationPortrait;
				IPHONEOS_DEPLOYMENT_TARGET = 15.0;
				LD_RUNPATH_SEARCH_PATHS = (
					"$(inherited)",
					"@executable_path/Frameworks",
				);
				MARKETING_VERSION = 1.0;
				PRODUCT_BUNDLE_IDENTIFIER = "KittensTech.Subscription-Manager";
				PRODUCT_NAME = "$(TARGET_NAME)";
				SWIFT_EMIT_LOC_STRINGS = YES;
				SWIFT_VERSION = 5.0;
				TARGETED_DEVICE_FAMILY = "1,2";
			};
			name = Debug;
		};
		E6E65D392AB00526006A9B7C /* Release */ = {
			isa = XCBuildConfiguration;
			buildSettings = {
				ASSETCATALOG_COMPILER_APPICON_NAME = AppIcon;
				ASSETCATALOG_COMPILER_GLOBAL_ACCENT_COLOR_NAME = AccentColor;
				CODE_SIGN_STYLE = Automatic;
				CURRENT_PROJECT_VERSION = 1;
				DEVELOPMENT_TEAM = 6WXF2A42NU;
				GENERATE_INFOPLIST_FILE = YES;
				INFOPLIST_FILE = "Subscription Manager/Info.plist";
				INFOPLIST_KEY_CFBundleDisplayName = "Subscription Manager";
				INFOPLIST_KEY_LSApplicationCategoryType = "public.app-category.finance";
				INFOPLIST_KEY_UIApplicationSupportsIndirectInputEvents = YES;
				INFOPLIST_KEY_UILaunchStoryboardName = LaunchScreen.storyboard;
				INFOPLIST_KEY_UIMainStoryboardFile = Main;
				INFOPLIST_KEY_UIStatusBarStyle = "";
				INFOPLIST_KEY_UISupportedInterfaceOrientations = UIInterfaceOrientationPortrait;
				IPHONEOS_DEPLOYMENT_TARGET = 15.0;
				LD_RUNPATH_SEARCH_PATHS = (
					"$(inherited)",
					"@executable_path/Frameworks",
				);
				MARKETING_VERSION = 1.0;
				PRODUCT_BUNDLE_IDENTIFIER = "KittensTech.Subscription-Manager";
				PRODUCT_NAME = "$(TARGET_NAME)";
				SWIFT_EMIT_LOC_STRINGS = YES;
				SWIFT_VERSION = 5.0;
				TARGETED_DEVICE_FAMILY = "1,2";
			};
			name = Release;
		};
		E6E65D3B2AB00526006A9B7C /* Debug */ = {
			isa = XCBuildConfiguration;
			buildSettings = {
				ALWAYS_EMBED_SWIFT_STANDARD_LIBRARIES = YES;
				BUNDLE_LOADER = "$(TEST_HOST)";
				CODE_SIGN_STYLE = Automatic;
				CURRENT_PROJECT_VERSION = 1;
				DEVELOPMENT_TEAM = 6WXF2A42NU;
				GENERATE_INFOPLIST_FILE = YES;
				IPHONEOS_DEPLOYMENT_TARGET = 16.4;
				MARKETING_VERSION = 1.0;
				PRODUCT_BUNDLE_IDENTIFIER = "KittensTech.Subscription-ManagerTests";
				PRODUCT_NAME = "$(TARGET_NAME)";
				SWIFT_EMIT_LOC_STRINGS = NO;
				SWIFT_VERSION = 5.0;
				TARGETED_DEVICE_FAMILY = "1,2";
				TEST_HOST = "$(BUILT_PRODUCTS_DIR)/Subscription Manager.app/$(BUNDLE_EXECUTABLE_FOLDER_PATH)/Subscription Manager";
			};
			name = Debug;
		};
		E6E65D3C2AB00526006A9B7C /* Release */ = {
			isa = XCBuildConfiguration;
			buildSettings = {
				ALWAYS_EMBED_SWIFT_STANDARD_LIBRARIES = YES;
				BUNDLE_LOADER = "$(TEST_HOST)";
				CODE_SIGN_STYLE = Automatic;
				CURRENT_PROJECT_VERSION = 1;
				DEVELOPMENT_TEAM = 6WXF2A42NU;
				GENERATE_INFOPLIST_FILE = YES;
				IPHONEOS_DEPLOYMENT_TARGET = 16.4;
				MARKETING_VERSION = 1.0;
				PRODUCT_BUNDLE_IDENTIFIER = "KittensTech.Subscription-ManagerTests";
				PRODUCT_NAME = "$(TARGET_NAME)";
				SWIFT_EMIT_LOC_STRINGS = NO;
				SWIFT_VERSION = 5.0;
				TARGETED_DEVICE_FAMILY = "1,2";
				TEST_HOST = "$(BUILT_PRODUCTS_DIR)/Subscription Manager.app/$(BUNDLE_EXECUTABLE_FOLDER_PATH)/Subscription Manager";
			};
			name = Release;
		};
		E6E65D3E2AB00526006A9B7C /* Debug */ = {
			isa = XCBuildConfiguration;
			buildSettings = {
				ALWAYS_EMBED_SWIFT_STANDARD_LIBRARIES = YES;
				CODE_SIGN_STYLE = Automatic;
				CURRENT_PROJECT_VERSION = 1;
				DEVELOPMENT_TEAM = 6WXF2A42NU;
				GENERATE_INFOPLIST_FILE = YES;
				MARKETING_VERSION = 1.0;
				PRODUCT_BUNDLE_IDENTIFIER = "KittensTech.Subscription-ManagerUITests";
				PRODUCT_NAME = "$(TARGET_NAME)";
				SWIFT_EMIT_LOC_STRINGS = NO;
				SWIFT_VERSION = 5.0;
				TARGETED_DEVICE_FAMILY = "1,2";
				TEST_TARGET_NAME = "Subscription Manager";
			};
			name = Debug;
		};
		E6E65D3F2AB00526006A9B7C /* Release */ = {
			isa = XCBuildConfiguration;
			buildSettings = {
				ALWAYS_EMBED_SWIFT_STANDARD_LIBRARIES = YES;
				CODE_SIGN_STYLE = Automatic;
				CURRENT_PROJECT_VERSION = 1;
				DEVELOPMENT_TEAM = 6WXF2A42NU;
				GENERATE_INFOPLIST_FILE = YES;
				MARKETING_VERSION = 1.0;
				PRODUCT_BUNDLE_IDENTIFIER = "KittensTech.Subscription-ManagerUITests";
				PRODUCT_NAME = "$(TARGET_NAME)";
				SWIFT_EMIT_LOC_STRINGS = NO;
				SWIFT_VERSION = 5.0;
				TARGETED_DEVICE_FAMILY = "1,2";
				TEST_TARGET_NAME = "Subscription Manager";
			};
			name = Release;
		};
/* End XCBuildConfiguration section */

/* Begin XCConfigurationList section */
		E6E65D082AB00522006A9B7C /* Build configuration list for PBXProject "Subscription Manager" */ = {
			isa = XCConfigurationList;
			buildConfigurations = (
				E6E65D352AB00526006A9B7C /* Debug */,
				E6E65D362AB00526006A9B7C /* Release */,
			);
			defaultConfigurationIsVisible = 0;
			defaultConfigurationName = Release;
		};
		E6E65D372AB00526006A9B7C /* Build configuration list for PBXNativeTarget "Subscription Manager" */ = {
			isa = XCConfigurationList;
			buildConfigurations = (
				E6E65D382AB00526006A9B7C /* Debug */,
				E6E65D392AB00526006A9B7C /* Release */,
			);
			defaultConfigurationIsVisible = 0;
			defaultConfigurationName = Release;
		};
		E6E65D3A2AB00526006A9B7C /* Build configuration list for PBXNativeTarget "Subscription ManagerTests" */ = {
			isa = XCConfigurationList;
			buildConfigurations = (
				E6E65D3B2AB00526006A9B7C /* Debug */,
				E6E65D3C2AB00526006A9B7C /* Release */,
			);
			defaultConfigurationIsVisible = 0;
			defaultConfigurationName = Release;
		};
		E6E65D3D2AB00526006A9B7C /* Build configuration list for PBXNativeTarget "Subscription ManagerUITests" */ = {
			isa = XCConfigurationList;
			buildConfigurations = (
				E6E65D3E2AB00526006A9B7C /* Debug */,
				E6E65D3F2AB00526006A9B7C /* Release */,
			);
			defaultConfigurationIsVisible = 0;
			defaultConfigurationName = Release;
		};
/* End XCConfigurationList section */
	};
	rootObject = E6E65D052AB00522006A9B7C /* Project object */;
}
